
Microsoft Visual Studio Solution File, Format Version 12.00
# Visual Studio Version 17
VisualStudioVersion = 17.3.32825.248
MinimumVisualStudioVersion = 10.0.40219.1
Project("{FAE04EC0-301F-11D3-BF4B-00C04F79EFBC}") = "HangMan", "HangMan\HangMan.csproj", "{8A90CB58-9323-4272-AFAF-4E91F3E1EEFC}"
EndProject
Global
	GlobalSection(SolutionConfigurationPlatforms) = preSolution
		Debug|Any CPU = Debug|Any CPU
		Release|Any CPU = Release|Any CPU
	EndGlobalSection
	GlobalSection(ProjectConfigurationPlatforms) = postSolution
		{8A90CB58-9323-4272-AFAF-4E91F3E1EEFC}.Debug|Any CPU.ActiveCfg = Debug|Any CPU
		{8A90CB58-9323-4272-AFAF-4E91F3E1EEFC}.Debug|Any CPU.Build.0 = Debug|Any CPU
		{8A90CB58-9323-4272-AFAF-4E91F3E1EEFC}.Release|Any CPU.ActiveCfg = Release|Any CPU
		{8A90CB58-9323-4272-AFAF-4E91F3E1EEFC}.Release|Any CPU.Build.0 = Release|Any CPU
	EndGlobalSection
	GlobalSection(SolutionProperties) = preSolution
		HideSolutionNode = FALSE
	EndGlobalSection
	GlobalSection(ExtensibilityGlobals) = postSolution
		SolutionGuid = {3D7C2947-E848-44BA-81F9-0A310791AAF9}
	EndGlobalSection
EndGlobal
